
Microsoft Visual Studio Solution File, Format Version 12.00
# Visual Studio Version 16
VisualStudioVersion = 16.0.30907.101
MinimumVisualStudioVersion = 10.0.40219.1
Project("{FAE04EC0-301F-11D3-BF4B-00C04F79EFBC}") = "MyDictionary", "MyDictionary\MyDictionary.csproj", "{51DB1CED-747A-4700-873B-F5CA5CADE66E}"
EndProject
Global
	GlobalSection(SolutionConfigurationPlatforms) = preSolution
		Debug|Any CPU = Debug|Any CPU
		Release|Any CPU = Release|Any CPU
	EndGlobalSection
	GlobalSection(ProjectConfigurationPlatforms) = postSolution
		{51DB1CED-747A-4700-873B-F5CA5CADE66E}.Debug|Any CPU.ActiveCfg = Debug|Any CPU
		{51DB1CED-747A-4700-873B-F5CA5CADE66E}.Debug|Any CPU.Build.0 = Debug|Any CPU
		{51DB1CED-747A-4700-873B-F5CA5CADE66E}.Release|Any CPU.ActiveCfg = Release|Any CPU
		{51DB1CED-747A-4700-873B-F5CA5CADE66E}.Release|Any CPU.Build.0 = Release|Any CPU
	EndGlobalSection
	GlobalSection(SolutionProperties) = preSolution
		HideSolutionNode = FALSE
	EndGlobalSection
	GlobalSection(ExtensibilityGlobals) = postSolution
		SolutionGuid = {868AC338-4E11-4308-9237-D068ABC4042F}
	EndGlobalSection
EndGlobal
